
Microsoft Visual Studio Solution File, Format Version 12.00
# Visual Studio 14
VisualStudioVersion = 14.0.25123.0
MinimumVisualStudioVersion = 10.0.40219.1
Project("{8BC9CEB8-8B4A-11D0-8D11-00A0C91BC942}") = "WXChip", "WXChip\wXChip.vcxproj", "{06119663-17F2-4F7B-B49D-1B11E280EC5F}"
	ProjectSection(ProjectDependencies) = postProject
		{6E0C0D4E-A9A4-45E1-A359-4CE4924FA8D6} = {6E0C0D4E-A9A4-45E1-A359-4CE4924FA8D6}
		{1921DC7C-715B-4045-907D-11E173E6A477} = {1921DC7C-715B-4045-907D-11E173E6A477}
		{2AD166F5-7CFD-45BB-8DFC-B7DD63B206E9} = {2AD166F5-7CFD-45BB-8DFC-B7DD63B206E9}
	EndProjectSection
EndProject
Project("{8BC9CEB8-8B4A-11D0-8D11-00A0C91BC942}") = "Core", "Core\Core.vcxproj", "{6E0C0D4E-A9A4-45E1-A359-4CE4924FA8D6}"
	ProjectSection(ProjectDependencies) = postProject
		{1921DC7C-715B-4045-907D-11E173E6A477} = {1921DC7C-715B-4045-907D-11E173E6A477}
	EndProjectSection
EndProject
Project("{8BC9CEB8-8B4A-11D0-8D11-00A0C91BC942}") = "Test", "Test\Test.vcxproj", "{737BE6A5-0A64-4711-BD40-18ABB5CCC74A}"
	ProjectSection(ProjectDependencies) = postProject
		{6E0C0D4E-A9A4-45E1-A359-4CE4924FA8D6} = {6E0C0D4E-A9A4-45E1-A359-4CE4924FA8D6}
		{1921DC7C-715B-4045-907D-11E173E6A477} = {1921DC7C-715B-4045-907D-11E173E6A477}
	EndProjectSection
EndProject
Project("{8BC9CEB8-8B4A-11D0-8D11-00A0C91BC942}") = "EmuApp", "EmuApp\EmuApp.vcxproj", "{2AD166F5-7CFD-45BB-8DFC-B7DD63B206E9}"
	ProjectSection(ProjectDependencies) = postProject
		{6E0C0D4E-A9A4-45E1-A359-4CE4924FA8D6} = {6E0C0D4E-A9A4-45E1-A359-4CE4924FA8D6}
		{1921DC7C-715B-4045-907D-11E173E6A477} = {1921DC7C-715B-4045-907D-11E173E6A477}
	EndProjectSection
EndProject
Project("{2150E333-8FDC-42A3-9474-1A3956D46DE8}") = "Include", "Include", "{CECD205E-99B2-4405-B843-5C9B16059367}"
	ProjectSection(SolutionItems) = preProject
		..\..\XChip\include\XChip\Core.h = ..\..\XChip\include\XChip\Core.h
		..\..\XChip\include\XChip\Plugins.h = ..\..\XChip\include\XChip\Plugins.h
	EndProjectSection
EndProject
Project("{2150E333-8FDC-42A3-9474-1A3956D46DE8}") = "dependencies", "dependencies", "{0C5C88D5-5C52-45E6-A008-FB73D64BB39F}"
EndProject
Project("{8BC9CEB8-8B4A-11D0-8D11-00A0C91BC942}") = "Utix", "..\..\XChip\dependencies\Utix\vc\Utix\Utix.vcxproj", "{1921DC7C-715B-4045-907D-11E173E6A477}"
EndProject
Project("{2150E333-8FDC-42A3-9474-1A3956D46DE8}") = "Plugins", "Plugins", "{0774DACB-FC27-405C-BC0B-8ACB9595DE01}"
	ProjectSection(SolutionItems) = preProject
		..\..\XChip\include\XChip\Plugins\iInput.h = ..\..\XChip\include\XChip\Plugins\iInput.h
		..\..\XChip\include\XChip\Plugins\iPlugin.h = ..\..\XChip\include\XChip\Plugins\iPlugin.h
		..\..\XChip\include\XChip\Plugins\iRender.h = ..\..\XChip\include\XChip\Plugins\iRender.h
		..\..\XChip\include\XChip\Plugins\iSound.h = ..\..\XChip\include\XChip\Plugins\iSound.h
		..\..\XChip\include\XChip\Plugins\UniquePlugin.h = ..\..\XChip\include\XChip\Plugins\UniquePlugin.h
	EndProjectSection
EndProject
Project("{8BC9CEB8-8B4A-11D0-8D11-00A0C91BC942}") = "XChipSFMLInput", "XChipSFMLInput\XChipSFMLInput.vcxproj", "{07A3AA99-672B-411C-BDC5-98A2D1B3DCFE}"
EndProject
Project("{8BC9CEB8-8B4A-11D0-8D11-00A0C91BC942}") = "XChipSDLSound", "XChipSDLSound\XChipSDLSound.vcxproj", "{7AD1DCB7-BBA3-4504-91CE-2DD5EF7FE2D8}"
EndProject
Project("{8BC9CEB8-8B4A-11D0-8D11-00A0C91BC942}") = "XChipSDLRender", "XChipSDLRender\XChipSDLRender.vcxproj", "{CC428E0C-CF8F-4DA4-890E-C585793484CF}"
EndProject
Project("{8BC9CEB8-8B4A-11D0-8D11-00A0C91BC942}") = "XChipSDLInput", "XChipSDLInput\XChipSDLInput.vcxproj", "{EAD83027-FBAE-4821-9577-CAA9F4B8963C}"
EndProject
Global
	GlobalSection(SolutionConfigurationPlatforms) = preSolution
		Debug|ARM = Debug|ARM
		Debug|x64 = Debug|x64
		Debug|x86 = Debug|x86
		Release|ARM = Release|ARM
		Release|x64 = Release|x64
		Release|x86 = Release|x86
	EndGlobalSection
	GlobalSection(ProjectConfigurationPlatforms) = postSolution
		{06119663-17F2-4F7B-B49D-1B11E280EC5F}.Debug|ARM.ActiveCfg = Debug|Win32
		{06119663-17F2-4F7B-B49D-1B11E280EC5F}.Debug|x64.ActiveCfg = Debug|x64
		{06119663-17F2-4F7B-B49D-1B11E280EC5F}.Debug|x64.Build.0 = Debug|x64
		{06119663-17F2-4F7B-B49D-1B11E280EC5F}.Debug|x86.ActiveCfg = Debug|Win32
		{06119663-17F2-4F7B-B49D-1B11E280EC5F}.Debug|x86.Build.0 = Debug|Win32
		{06119663-17F2-4F7B-B49D-1B11E280EC5F}.Release|ARM.ActiveCfg = Release|Win32
		{06119663-17F2-4F7B-B49D-1B11E280EC5F}.Release|x64.ActiveCfg = Release|x64
		{06119663-17F2-4F7B-B49D-1B11E280EC5F}.Release|x64.Build.0 = Release|x64
		{06119663-17F2-4F7B-B49D-1B11E280EC5F}.Release|x86.ActiveCfg = Release|Win32
		{06119663-17F2-4F7B-B49D-1B11E280EC5F}.Release|x86.Build.0 = Release|Win32
		{6E0C0D4E-A9A4-45E1-A359-4CE4924FA8D6}.Debug|ARM.ActiveCfg = Debug|Win32
		{6E0C0D4E-A9A4-45E1-A359-4CE4924FA8D6}.Debug|x64.ActiveCfg = Debug|x64
		{6E0C0D4E-A9A4-45E1-A359-4CE4924FA8D6}.Debug|x64.Build.0 = Debug|x64
		{6E0C0D4E-A9A4-45E1-A359-4CE4924FA8D6}.Debug|x86.ActiveCfg = Debug|Win32
		{6E0C0D4E-A9A4-45E1-A359-4CE4924FA8D6}.Debug|x86.Build.0 = Debug|Win32
		{6E0C0D4E-A9A4-45E1-A359-4CE4924FA8D6}.Release|ARM.ActiveCfg = Release|Win32
		{6E0C0D4E-A9A4-45E1-A359-4CE4924FA8D6}.Release|x64.ActiveCfg = Release|x64
		{6E0C0D4E-A9A4-45E1-A359-4CE4924FA8D6}.Release|x64.Build.0 = Release|x64
		{6E0C0D4E-A9A4-45E1-A359-4CE4924FA8D6}.Release|x86.ActiveCfg = Release|Win32
		{6E0C0D4E-A9A4-45E1-A359-4CE4924FA8D6}.Release|x86.Build.0 = Release|Win32
		{737BE6A5-0A64-4711-BD40-18ABB5CCC74A}.Debug|ARM.ActiveCfg = Debug|Win32
		{737BE6A5-0A64-4711-BD40-18ABB5CCC74A}.Debug|x64.ActiveCfg = Debug|x64
		{737BE6A5-0A64-4711-BD40-18ABB5CCC74A}.Debug|x64.Build.0 = Debug|x64
		{737BE6A5-0A64-4711-BD40-18ABB5CCC74A}.Debug|x86.ActiveCfg = Debug|Win32
		{737BE6A5-0A64-4711-BD40-18ABB5CCC74A}.Debug|x86.Build.0 = Debug|Win32
		{737BE6A5-0A64-4711-BD40-18ABB5CCC74A}.Release|ARM.ActiveCfg = Release|Win32
		{737BE6A5-0A64-4711-BD40-18ABB5CCC74A}.Release|x64.ActiveCfg = Release|x64
		{737BE6A5-0A64-4711-BD40-18ABB5CCC74A}.Release|x64.Build.0 = Release|x64
		{737BE6A5-0A64-4711-BD40-18ABB5CCC74A}.Release|x86.ActiveCfg = Release|Win32
		{737BE6A5-0A64-4711-BD40-18ABB5CCC74A}.Release|x86.Build.0 = Release|Win32
		{2AD166F5-7CFD-45BB-8DFC-B7DD63B206E9}.Debug|ARM.ActiveCfg = Debug|Win32
		{2AD166F5-7CFD-45BB-8DFC-B7DD63B206E9}.Debug|x64.ActiveCfg = Debug|x64
		{2AD166F5-7CFD-45BB-8DFC-B7DD63B206E9}.Debug|x64.Build.0 = Debug|x64
		{2AD166F5-7CFD-45BB-8DFC-B7DD63B206E9}.Debug|x86.ActiveCfg = Debug|Win32
		{2AD166F5-7CFD-45BB-8DFC-B7DD63B206E9}.Debug|x86.Build.0 = Debug|Win32
		{2AD166F5-7CFD-45BB-8DFC-B7DD63B206E9}.Release|ARM.ActiveCfg = Release|Win32
		{2AD166F5-7CFD-45BB-8DFC-B7DD63B206E9}.Release|x64.ActiveCfg = Release|x64
		{2AD166F5-7CFD-45BB-8DFC-B7DD63B206E9}.Release|x64.Build.0 = Release|x64
		{2AD166F5-7CFD-45BB-8DFC-B7DD63B206E9}.Release|x86.ActiveCfg = Release|Win32
		{2AD166F5-7CFD-45BB-8DFC-B7DD63B206E9}.Release|x86.Build.0 = Release|Win32
		{1921DC7C-715B-4045-907D-11E173E6A477}.Debug|ARM.ActiveCfg = Debug|Win32
		{1921DC7C-715B-4045-907D-11E173E6A477}.Debug|x64.ActiveCfg = Debug|x64
		{1921DC7C-715B-4045-907D-11E173E6A477}.Debug|x64.Build.0 = Debug|x64
		{1921DC7C-715B-4045-907D-11E173E6A477}.Debug|x86.ActiveCfg = Debug|Win32
		{1921DC7C-715B-4045-907D-11E173E6A477}.Debug|x86.Build.0 = Debug|Win32
		{1921DC7C-715B-4045-907D-11E173E6A477}.Release|ARM.ActiveCfg = Release|Win32
		{1921DC7C-715B-4045-907D-11E173E6A477}.Release|x64.ActiveCfg = Release|x64
		{1921DC7C-715B-4045-907D-11E173E6A477}.Release|x64.Build.0 = Release|x64
		{1921DC7C-715B-4045-907D-11E173E6A477}.Release|x86.ActiveCfg = Release|Win32
		{1921DC7C-715B-4045-907D-11E173E6A477}.Release|x86.Build.0 = Release|Win32
		{07A3AA99-672B-411C-BDC5-98A2D1B3DCFE}.Debug|ARM.ActiveCfg = Debug|Win32
		{07A3AA99-672B-411C-BDC5-98A2D1B3DCFE}.Debug|x64.ActiveCfg = Debug|x64
		{07A3AA99-672B-411C-BDC5-98A2D1B3DCFE}.Debug|x64.Build.0 = Debug|x64
		{07A3AA99-672B-411C-BDC5-98A2D1B3DCFE}.Debug|x86.ActiveCfg = Debug|Win32
		{07A3AA99-672B-411C-BDC5-98A2D1B3DCFE}.Debug|x86.Build.0 = Debug|Win32
		{07A3AA99-672B-411C-BDC5-98A2D1B3DCFE}.Release|ARM.ActiveCfg = Release|Win32
		{07A3AA99-672B-411C-BDC5-98A2D1B3DCFE}.Release|x64.ActiveCfg = Release|x64
		{07A3AA99-672B-411C-BDC5-98A2D1B3DCFE}.Release|x64.Build.0 = Release|x64
		{07A3AA99-672B-411C-BDC5-98A2D1B3DCFE}.Release|x86.ActiveCfg = Release|Win32
		{07A3AA99-672B-411C-BDC5-98A2D1B3DCFE}.Release|x86.Build.0 = Release|Win32
		{7AD1DCB7-BBA3-4504-91CE-2DD5EF7FE2D8}.Debug|ARM.ActiveCfg = Debug|Win32
		{7AD1DCB7-BBA3-4504-91CE-2DD5EF7FE2D8}.Debug|x64.ActiveCfg = Debug|x64
		{7AD1DCB7-BBA3-4504-91CE-2DD5EF7FE2D8}.Debug|x64.Build.0 = Debug|x64
		{7AD1DCB7-BBA3-4504-91CE-2DD5EF7FE2D8}.Debug|x86.ActiveCfg = Debug|Win32
		{7AD1DCB7-BBA3-4504-91CE-2DD5EF7FE2D8}.Debug|x86.Build.0 = Debug|Win32
		{7AD1DCB7-BBA3-4504-91CE-2DD5EF7FE2D8}.Release|ARM.ActiveCfg = Release|Win32
		{7AD1DCB7-BBA3-4504-91CE-2DD5EF7FE2D8}.Release|x64.ActiveCfg = Release|x64
		{7AD1DCB7-BBA3-4504-91CE-2DD5EF7FE2D8}.Release|x64.Build.0 = Release|x64
		{7AD1DCB7-BBA3-4504-91CE-2DD5EF7FE2D8}.Release|x86.ActiveCfg = Release|Win32
		{7AD1DCB7-BBA3-4504-91CE-2DD5EF7FE2D8}.Release|x86.Build.0 = Release|Win32
		{CC428E0C-CF8F-4DA4-890E-C585793484CF}.Debug|ARM.ActiveCfg = Debug|Win32
		{CC428E0C-CF8F-4DA4-890E-C585793484CF}.Debug|x64.ActiveCfg = Debug|x64
		{CC428E0C-CF8F-4DA4-890E-C585793484CF}.Debug|x64.Build.0 = Debug|x64
		{CC428E0C-CF8F-4DA4-890E-C585793484CF}.Debug|x86.ActiveCfg = Debug|Win32
		{CC428E0C-CF8F-4DA4-890E-C585793484CF}.Debug|x86.Build.0 = Debug|Win32
		{CC428E0C-CF8F-4DA4-890E-C585793484CF}.Release|ARM.ActiveCfg = Release|Win32
		{CC428E0C-CF8F-4DA4-890E-C585793484CF}.Release|x64.ActiveCfg = Release|x64
		{CC428E0C-CF8F-4DA4-890E-C585793484CF}.Release|x64.Build.0 = Release|x64
		{CC428E0C-CF8F-4DA4-890E-C585793484CF}.Release|x86.ActiveCfg = Release|Win32
		{CC428E0C-CF8F-4DA4-890E-C585793484CF}.Release|x86.Build.0 = Release|Win32
		{EAD83027-FBAE-4821-9577-CAA9F4B8963C}.Debug|ARM.ActiveCfg = Debug|Win32
		{EAD83027-FBAE-4821-9577-CAA9F4B8963C}.Debug|x64.ActiveCfg = Debug|x64
		{EAD83027-FBAE-4821-9577-CAA9F4B8963C}.Debug|x64.Build.0 = Debug|x64
		{EAD83027-FBAE-4821-9577-CAA9F4B8963C}.Debug|x86.ActiveCfg = Debug|Win32
		{EAD83027-FBAE-4821-9577-CAA9F4B8963C}.Debug|x86.Build.0 = Debug|Win32
		{EAD83027-FBAE-4821-9577-CAA9F4B8963C}.Release|ARM.ActiveCfg = Release|Win32
		{EAD83027-FBAE-4821-9577-CAA9F4B8963C}.Release|x64.ActiveCfg = Release|x64
		{EAD83027-FBAE-4821-9577-CAA9F4B8963C}.Release|x64.Build.0 = Release|x64
		{EAD83027-FBAE-4821-9577-CAA9F4B8963C}.Release|x86.ActiveCfg = Release|Win32
		{EAD83027-FBAE-4821-9577-CAA9F4B8963C}.Release|x86.Build.0 = Release|Win32
	EndGlobalSection
	GlobalSection(SolutionProperties) = preSolution
		HideSolutionNode = FALSE
	EndGlobalSection
	GlobalSection(NestedProjects) = preSolution
		{1921DC7C-715B-4045-907D-11E173E6A477} = {0C5C88D5-5C52-45E6-A008-FB73D64BB39F}
		{07A3AA99-672B-411C-BDC5-98A2D1B3DCFE} = {0774DACB-FC27-405C-BC0B-8ACB9595DE01}
		{7AD1DCB7-BBA3-4504-91CE-2DD5EF7FE2D8} = {0774DACB-FC27-405C-BC0B-8ACB9595DE01}
		{CC428E0C-CF8F-4DA4-890E-C585793484CF} = {0774DACB-FC27-405C-BC0B-8ACB9595DE01}
		{EAD83027-FBAE-4821-9577-CAA9F4B8963C} = {0774DACB-FC27-405C-BC0B-8ACB9595DE01}
	EndGlobalSection
EndGlobal
